
Microsoft Visual Studio Solution File, Format Version 12.00
# Visual Studio Version 16
VisualStudioVersion = 16.0.33214.272
MinimumVisualStudioVersion = 10.0.40219.1
Project("{FAE04EC0-301F-11D3-BF4B-00C04F79EFBC}") = "Strange Chessboard.Android", "Strange Chessboard\Strange Chessboard.Android\Strange Chessboard.Android.csproj", "{EFF22CBE-342C-47E0-BB26-B84F9BC5A032}"
EndProject
Project("{FAE04EC0-301F-11D3-BF4B-00C04F79EFBC}") = "Strange Chessboard.iOS", "Strange Chessboard\Strange Chessboard.iOS\Strange Chessboard.iOS.csproj", "{29954371-BE89-4FA7-AAC0-32964FAB30DD}"
EndProject
Project("{FAE04EC0-301F-11D3-BF4B-00C04F79EFBC}") = "Strange Chessboard", "Strange Chessboard\Strange Chessboard\Strange Chessboard.csproj", "{130DAADB-016E-4B0A-AB14-E2E20CCB5B15}"
EndProject
Global
	GlobalSection(SolutionConfigurationPlatforms) = preSolution
		Debug|Any CPU = Debug|Any CPU
		Debug|iPhone = Debug|iPhone
		Debug|iPhoneSimulator = Debug|iPhoneSimulator
		Release|Any CPU = Release|Any CPU
		Release|iPhone = Release|iPhone
		Release|iPhoneSimulator = Release|iPhoneSimulator
	EndGlobalSection
	GlobalSection(ProjectConfigurationPlatforms) = postSolution
		{EFF22CBE-342C-47E0-BB26-B84F9BC5A032}.Debug|Any CPU.ActiveCfg = Debug|Any CPU
		{EFF22CBE-342C-47E0-BB26-B84F9BC5A032}.Debug|Any CPU.Build.0 = Debug|Any CPU
		{EFF22CBE-342C-47E0-BB26-B84F9BC5A032}.Debug|Any CPU.Deploy.0 = Debug|Any CPU
		{EFF22CBE-342C-47E0-BB26-B84F9BC5A032}.Debug|iPhone.ActiveCfg = Debug|Any CPU
		{EFF22CBE-342C-47E0-BB26-B84F9BC5A032}.Debug|iPhone.Build.0 = Debug|Any CPU
		{EFF22CBE-342C-47E0-BB26-B84F9BC5A032}.Debug|iPhone.Deploy.0 = Debug|Any CPU
		{EFF22CBE-342C-47E0-BB26-B84F9BC5A032}.Debug|iPhoneSimulator.ActiveCfg = Debug|Any CPU
		{EFF22CBE-342C-47E0-BB26-B84F9BC5A032}.Debug|iPhoneSimulator.Build.0 = Debug|Any CPU
		{EFF22CBE-342C-47E0-BB26-B84F9BC5A032}.Debug|iPhoneSimulator.Deploy.0 = Debug|Any CPU
		{EFF22CBE-342C-47E0-BB26-B84F9BC5A032}.Release|Any CPU.ActiveCfg = Release|Any CPU
		{EFF22CBE-342C-47E0-BB26-B84F9BC5A032}.Release|Any CPU.Build.0 = Release|Any CPU
		{EFF22CBE-342C-47E0-BB26-B84F9BC5A032}.Release|Any CPU.Deploy.0 = Release|Any CPU
		{EFF22CBE-342C-47E0-BB26-B84F9BC5A032}.Release|iPhone.ActiveCfg = Release|Any CPU
		{EFF22CBE-342C-47E0-BB26-B84F9BC5A032}.Release|iPhone.Build.0 = Release|Any CPU
		{EFF22CBE-342C-47E0-BB26-B84F9BC5A032}.Release|iPhone.Deploy.0 = Release|Any CPU
		{EFF22CBE-342C-47E0-BB26-B84F9BC5A032}.Release|iPhoneSimulator.ActiveCfg = Release|Any CPU
		{EFF22CBE-342C-47E0-BB26-B84F9BC5A032}.Release|iPhoneSimulator.Build.0 = Release|Any CPU
		{EFF22CBE-342C-47E0-BB26-B84F9BC5A032}.Release|iPhoneSimulator.Deploy.0 = Release|Any CPU
		{29954371-BE89-4FA7-AAC0-32964FAB30DD}.Debug|Any CPU.ActiveCfg = Debug|iPhone
		{29954371-BE89-4FA7-AAC0-32964FAB30DD}.Debug|Any CPU.Build.0 = Debug|iPhone
		{29954371-BE89-4FA7-AAC0-32964FAB30DD}.Debug|Any CPU.Deploy.0 = Debug|iPhone
		{29954371-BE89-4FA7-AAC0-32964FAB30DD}.Debug|iPhone.ActiveCfg = Debug|iPhone
		{29954371-BE89-4FA7-AAC0-32964FAB30DD}.Debug|iPhone.Build.0 = Debug|iPhone
		{29954371-BE89-4FA7-AAC0-32964FAB30DD}.Debug|iPhone.Deploy.0 = Debug|iPhone
		{29954371-BE89-4FA7-AAC0-32964FAB30DD}.Debug|iPhoneSimulator.ActiveCfg = Debug|iPhoneSimulator
		{29954371-BE89-4FA7-AAC0-32964FAB30DD}.Debug|iPhoneSimulator.Build.0 = Debug|iPhoneSimulator
		{29954371-BE89-4FA7-AAC0-32964FAB30DD}.Debug|iPhoneSimulator.Deploy.0 = Debug|iPhoneSimulator
		{29954371-BE89-4FA7-AAC0-32964FAB30DD}.Release|Any CPU.ActiveCfg = Release|iPhoneSimulator
		{29954371-BE89-4FA7-AAC0-32964FAB30DD}.Release|Any CPU.Build.0 = Release|iPhoneSimulator
		{29954371-BE89-4FA7-AAC0-32964FAB30DD}.Release|Any CPU.Deploy.0 = Release|iPhoneSimulator
		{29954371-BE89-4FA7-AAC0-32964FAB30DD}.Release|iPhone.ActiveCfg = Release|iPhone
		{29954371-BE89-4FA7-AAC0-32964FAB30DD}.Release|iPhone.Build.0 = Release|iPhone
		{29954371-BE89-4FA7-AAC0-32964FAB30DD}.Release|iPhone.Deploy.0 = Release|iPhone
		{29954371-BE89-4FA7-AAC0-32964FAB30DD}.Release|iPhoneSimulator.ActiveCfg = Release|iPhoneSimulator
		{29954371-BE89-4FA7-AAC0-32964FAB30DD}.Release|iPhoneSimulator.Build.0 = Release|iPhoneSimulator
		{29954371-BE89-4FA7-AAC0-32964FAB30DD}.Release|iPhoneSimulator.Deploy.0 = Release|iPhoneSimulator
		{130DAADB-016E-4B0A-AB14-E2E20CCB5B15}.Debug|Any CPU.ActiveCfg = Debug|Any CPU
		{130DAADB-016E-4B0A-AB14-E2E20CCB5B15}.Debug|Any CPU.Build.0 = Debug|Any CPU
		{130DAADB-016E-4B0A-AB14-E2E20CCB5B15}.Debug|Any CPU.Deploy.0 = Debug|Any CPU
		{130DAADB-016E-4B0A-AB14-E2E20CCB5B15}.Debug|iPhone.ActiveCfg = Debug|Any CPU
		{130DAADB-016E-4B0A-AB14-E2E20CCB5B15}.Debug|iPhone.Build.0 = Debug|Any CPU
		{130DAADB-016E-4B0A-AB14-E2E20CCB5B15}.Debug|iPhone.Deploy.0 = Debug|Any CPU
		{130DAADB-016E-4B0A-AB14-E2E20CCB5B15}.Debug|iPhoneSimulator.ActiveCfg = Debug|Any CPU
		{130DAADB-016E-4B0A-AB14-E2E20CCB5B15}.Debug|iPhoneSimulator.Build.0 = Debug|Any CPU
		{130DAADB-016E-4B0A-AB14-E2E20CCB5B15}.Debug|iPhoneSimulator.Deploy.0 = Debug|Any CPU
		{130DAADB-016E-4B0A-AB14-E2E20CCB5B15}.Release|Any CPU.ActiveCfg = Release|Any CPU
		{130DAADB-016E-4B0A-AB14-E2E20CCB5B15}.Release|Any CPU.Build.0 = Release|Any CPU
		{130DAADB-016E-4B0A-AB14-E2E20CCB5B15}.Release|Any CPU.Deploy.0 = Release|Any CPU
		{130DAADB-016E-4B0A-AB14-E2E20CCB5B15}.Release|iPhone.ActiveCfg = Release|Any CPU
		{130DAADB-016E-4B0A-AB14-E2E20CCB5B15}.Release|iPhone.Build.0 = Release|Any CPU
		{130DAADB-016E-4B0A-AB14-E2E20CCB5B15}.Release|iPhone.Deploy.0 = Release|Any CPU
		{130DAADB-016E-4B0A-AB14-E2E20CCB5B15}.Release|iPhoneSimulator.ActiveCfg = Release|Any CPU
		{130DAADB-016E-4B0A-AB14-E2E20CCB5B15}.Release|iPhoneSimulator.Build.0 = Release|Any CPU
		{130DAADB-016E-4B0A-AB14-E2E20CCB5B15}.Release|iPhoneSimulator.Deploy.0 = Release|Any CPU
	EndGlobalSection
	GlobalSection(SolutionProperties) = preSolution
		HideSolutionNode = FALSE
	EndGlobalSection
	GlobalSection(ExtensibilityGlobals) = postSolution
		SolutionGuid = {F6681E59-8E98-47DB-ADB0-EB88B82A2C9C}
	EndGlobalSection
EndGlobal
