
Microsoft Visual Studio Solution File, Format Version 12.00
# Visual Studio Version 17
VisualStudioVersion = 17.0.31903.59
MinimumVisualStudioVersion = 10.0.40219.1
Project("{FAE04EC0-301F-11D3-BF4B-00C04F79EFBC}") = "LangtonAnt.MAUI", "LangtonAnt.MAUI\LangtonAnt.MAUI.csproj", "{BBD74FE9-5D4A-46D2-8DED-006723A6B5CD}"
EndProject
Project("{FAE04EC0-301F-11D3-BF4B-00C04F79EFBC}") = "LangtonAnt.Library", "LangtonAnt.Library\LangtonAnt.Library.csproj", "{F41C444B-E1EE-4614-B5AF-DDE82C75C6BF}"
EndProject
Global
	GlobalSection(SolutionConfigurationPlatforms) = preSolution
		Debug|Any CPU = Debug|Any CPU
		Release|Any CPU = Release|Any CPU
	EndGlobalSection
	GlobalSection(SolutionProperties) = preSolution
		HideSolutionNode = FALSE
	EndGlobalSection
	GlobalSection(ProjectConfigurationPlatforms) = postSolution
		{BBD74FE9-5D4A-46D2-8DED-006723A6B5CD}.Debug|Any CPU.ActiveCfg = Debug|Any CPU
		{BBD74FE9-5D4A-46D2-8DED-006723A6B5CD}.Debug|Any CPU.Build.0 = Debug|Any CPU
		{BBD74FE9-5D4A-46D2-8DED-006723A6B5CD}.Release|Any CPU.ActiveCfg = Release|Any CPU
		{BBD74FE9-5D4A-46D2-8DED-006723A6B5CD}.Release|Any CPU.Build.0 = Release|Any CPU
		{F41C444B-E1EE-4614-B5AF-DDE82C75C6BF}.Debug|Any CPU.ActiveCfg = Debug|Any CPU
		{F41C444B-E1EE-4614-B5AF-DDE82C75C6BF}.Debug|Any CPU.Build.0 = Debug|Any CPU
		{F41C444B-E1EE-4614-B5AF-DDE82C75C6BF}.Release|Any CPU.ActiveCfg = Release|Any CPU
		{F41C444B-E1EE-4614-B5AF-DDE82C75C6BF}.Release|Any CPU.Build.0 = Release|Any CPU
	EndGlobalSection
EndGlobal
