
Microsoft Visual Studio Solution File, Format Version 12.00
# Visual Studio Version 17
VisualStudioVersion = 17.4.33205.214
MinimumVisualStudioVersion = 10.0.40219.1
Project("{FAE04EC0-301F-11D3-BF4B-00C04F79EFBC}") = "LangtonBackend", "LangtonBackend\LangtonBackend.csproj", "{CD69938C-12A6-4498-9012-FFE8FFD4CD47}"
EndProject
Project("{FAE04EC0-301F-11D3-BF4B-00C04F79EFBC}") = "LangtonFrontend", "LangtonFrontend\LangtonFrontend.csproj", "{16ED1C07-43CE-40A8-91B9-52DEB6C7A9BB}"
EndProject
Global
	GlobalSection(SolutionConfigurationPlatforms) = preSolution
		Debug|Any CPU = Debug|Any CPU
		Release|Any CPU = Release|Any CPU
	EndGlobalSection
	GlobalSection(ProjectConfigurationPlatforms) = postSolution
		{CD69938C-12A6-4498-9012-FFE8FFD4CD47}.Debug|Any CPU.ActiveCfg = Debug|Any CPU
		{CD69938C-12A6-4498-9012-FFE8FFD4CD47}.Debug|Any CPU.Build.0 = Debug|Any CPU
		{CD69938C-12A6-4498-9012-FFE8FFD4CD47}.Release|Any CPU.ActiveCfg = Release|Any CPU
		{CD69938C-12A6-4498-9012-FFE8FFD4CD47}.Release|Any CPU.Build.0 = Release|Any CPU
		{16ED1C07-43CE-40A8-91B9-52DEB6C7A9BB}.Debug|Any CPU.ActiveCfg = Debug|Any CPU
		{16ED1C07-43CE-40A8-91B9-52DEB6C7A9BB}.Debug|Any CPU.Build.0 = Debug|Any CPU
		{16ED1C07-43CE-40A8-91B9-52DEB6C7A9BB}.Release|Any CPU.ActiveCfg = Release|Any CPU
		{16ED1C07-43CE-40A8-91B9-52DEB6C7A9BB}.Release|Any CPU.Build.0 = Release|Any CPU
	EndGlobalSection
	GlobalSection(SolutionProperties) = preSolution
		HideSolutionNode = FALSE
	EndGlobalSection
	GlobalSection(ExtensibilityGlobals) = postSolution
		SolutionGuid = {7FD6245F-57B5-4083-B4E3-E7FA0F798B4E}
	EndGlobalSection
EndGlobal
