
Microsoft Visual Studio Solution File, Format Version 12.00
# Visual Studio Version 17
VisualStudioVersion = 17.4.33205.214
MinimumVisualStudioVersion = 10.0.40219.1
Project("{FAE04EC0-301F-11D3-BF4B-00C04F79EFBC}") = "StrangeChessboard", "StrangeChessboard\StrangeChessboard.csproj", "{E36BA4CE-407E-4EB4-9941-4C830D8C7E70}"
EndProject
Global
	GlobalSection(SolutionConfigurationPlatforms) = preSolution
		Debug|Any CPU = Debug|Any CPU
		Release|Any CPU = Release|Any CPU
	EndGlobalSection
	GlobalSection(ProjectConfigurationPlatforms) = postSolution
		{E36BA4CE-407E-4EB4-9941-4C830D8C7E70}.Debug|Any CPU.ActiveCfg = Debug|Any CPU
		{E36BA4CE-407E-4EB4-9941-4C830D8C7E70}.Debug|Any CPU.Build.0 = Debug|Any CPU
		{E36BA4CE-407E-4EB4-9941-4C830D8C7E70}.Release|Any CPU.ActiveCfg = Release|Any CPU
		{E36BA4CE-407E-4EB4-9941-4C830D8C7E70}.Release|Any CPU.Build.0 = Release|Any CPU
	EndGlobalSection
	GlobalSection(SolutionProperties) = preSolution
		HideSolutionNode = FALSE
	EndGlobalSection
	GlobalSection(ExtensibilityGlobals) = postSolution
		SolutionGuid = {B9AA5FC1-24C2-4420-A90C-7FE8BD53C9B1}
	EndGlobalSection
EndGlobal
