
Microsoft Visual Studio Solution File, Format Version 12.00
# Visual Studio Version 17
VisualStudioVersion = 17.4.33205.214
MinimumVisualStudioVersion = 10.0.40219.1
Project("{FAE04EC0-301F-11D3-BF4B-00C04F79EFBC}") = "BarcodeValidator", "BarcodeValidator\BarcodeValidator.csproj", "{D7D05C7A-1B3D-454C-87A2-5A0BEB961FEB}"
EndProject
Global
	GlobalSection(SolutionConfigurationPlatforms) = preSolution
		Debug|Any CPU = Debug|Any CPU
		Release|Any CPU = Release|Any CPU
	EndGlobalSection
	GlobalSection(ProjectConfigurationPlatforms) = postSolution
		{D7D05C7A-1B3D-454C-87A2-5A0BEB961FEB}.Debug|Any CPU.ActiveCfg = Debug|Any CPU
		{D7D05C7A-1B3D-454C-87A2-5A0BEB961FEB}.Debug|Any CPU.Build.0 = Debug|Any CPU
		{D7D05C7A-1B3D-454C-87A2-5A0BEB961FEB}.Release|Any CPU.ActiveCfg = Release|Any CPU
		{D7D05C7A-1B3D-454C-87A2-5A0BEB961FEB}.Release|Any CPU.Build.0 = Release|Any CPU
	EndGlobalSection
	GlobalSection(SolutionProperties) = preSolution
		HideSolutionNode = FALSE
	EndGlobalSection
	GlobalSection(ExtensibilityGlobals) = postSolution
		SolutionGuid = {83B1A78B-2BCD-457C-8D57-9BA825AF2F55}
	EndGlobalSection
EndGlobal
